
Microsoft Visual Studio Solution File, Format Version 12.00
# Visual Studio Version 17
VisualStudioVersion = 17.2.32505.173
MinimumVisualStudioVersion = 10.0.40219.1
Project("{2150E333-8FDC-42A3-9474-1A3956D46DE8}") = "05.Microshaoft.Common.Utilities", "05.Microshaoft.Common.Utilities", "{C95C2997-5BDC-416D-A8C1-43D9A8816B50}"
EndProject
Project("{2150E333-8FDC-42A3-9474-1A3956D46DE8}") = "10.Microshaoft.Utilities", "10.Microshaoft.Utilities", "{484B7499-6589-468A-9E49-32383C89F05D}"
EndProject
Project("{2150E333-8FDC-42A3-9474-1A3956D46DE8}") = "20.Plugins.StoreProcedureExecutor", "20.Plugins.StoreProcedureExecutor", "{6CA30516-47D9-4B1F-BD8F-0374D9714624}"
EndProject
Project("{2150E333-8FDC-42A3-9474-1A3956D46DE8}") = "21.Plugins.RequestJTokenValidators", "21.Plugins.RequestJTokenValidators", "{F29D6A8E-DD43-4AAD-B215-F9A7C8DB59CC}"
EndProject
Project("{2150E333-8FDC-42A3-9474-1A3956D46DE8}") = "90.Samples", "90.Samples", "{3025F7B5-651F-4963-825E-5631348F1271}"
EndProject
Project("{2150E333-8FDC-42A3-9474-1A3956D46DE8}") = "20.StoreProceduresExecutor.Console", "20.StoreProceduresExecutor.Console", "{72D81A5D-93BB-467F-BB3B-6FD89A3F197C}"
EndProject
Project("{2150E333-8FDC-42A3-9474-1A3956D46DE8}") = "10.MsSqlCodeDiffVersioning", "10.MsSqlCodeDiffVersioning", "{E3A62127-E4C7-407D-92FF-345700FA60A5}"
EndProject
Project("{2150E333-8FDC-42A3-9474-1A3956D46DE8}") = "50.Swagger", "50.Swagger", "{FD82A25A-90B0-4D20-B7CF-C47FD1E6C8B7}"
EndProject
Project("{2150E333-8FDC-42A3-9474-1A3956D46DE8}") = "00.Solution Items", "00.Solution Items", "{7D226DD2-1926-44FB-8382-76ACC447CBC7}"
	ProjectSection(SolutionItems) = preProject
		azure-pipelines.yml.txt = azure-pipelines.yml.txt
		ci-cd-all-in-one.sh = ci-cd-all-in-one.sh
		LICENSE.txt = LICENSE.txt
		README.md = README.md
		VSCode.Rest.Client.Test\RestClientTest.http = VSCode.Rest.Client.Test\RestClientTest.http
		steps-echo-test.sh = steps-echo-test.sh
	EndProjectSection
EndProject
Project("{2150E333-8FDC-42A3-9474-1A3956D46DE8}") = "80.UnitTests", "80.UnitTests", "{D414D963-C3DF-46EC-96F0-295BD6568115}"
EndProject
Project("{9A19103F-16F7-4668-BE54-9A1E7A4F7556}") = "UnitTests", "UnitTests\UnitTests.csproj", "{56F1C6A7-8C93-45FA-8D53-61F9CBB56A60}"
EndProject
Project("{9A19103F-16F7-4668-BE54-9A1E7A4F7556}") = "Microshaoft.Common.Utilities.NET", "Microshaoft.Common.Utilities.NET\Microshaoft.Common.Utilities.NET.csproj", "{4C91859A-72EC-44AD-ACDB-FCF14498598B}"
EndProject
Project("{9A19103F-16F7-4668-BE54-9A1E7A4F7556}") = "Microshaoft.Json.NET", "Microshaoft.Json.NET\Microshaoft.Json.NET.csproj", "{6B536D2A-352C-4701-BA39-F2DCFC8246DE}"
EndProject
Project("{9A19103F-16F7-4668-BE54-9A1E7A4F7556}") = "Microshaoft.StoreProceduresExecutors.NET", "Microshaoft.StoreProceduresExecutors.NET\Microshaoft.StoreProceduresExecutors.NET.csproj", "{25FABCC9-8845-4C45-BAAA-AA56CEDF7849}"
EndProject
Project("{9A19103F-16F7-4668-BE54-9A1E7A4F7556}") = "MsSQL.StoreProcedureExecutor.Plugin.NET", "Plugins.StoreProcedureExecutors\MsSQL.StoreProcedureExecutor.Plugin.NET\MsSQL.StoreProcedureExecutor.Plugin.NET.csproj", "{704F3646-51B2-41A9-9433-88D1A5F7A2DB}"
EndProject
Project("{9A19103F-16F7-4668-BE54-9A1E7A4F7556}") = "MySQL.StoreProcedureExecutor.Plugin.NET", "Plugins.StoreProcedureExecutors\MySQL.StoreProcedureExecutor.Plugin.NET\MySQL.StoreProcedureExecutor.Plugin.NET.csproj", "{5C68C75F-ABC9-47B4-AE3A-5B0F96F54746}"
EndProject
Project("{9A19103F-16F7-4668-BE54-9A1E7A4F7556}") = "JTokenValidatorSamplePlugin.NET", "Plugins.RequestJTokenValidators\JTokenValidatorSamplePlugin.NET\JTokenValidatorSamplePlugin.NET.csproj", "{21C1967B-7FA3-4575-9416-BE949AAB37B7}"
EndProject
Project("{9A19103F-16F7-4668-BE54-9A1E7A4F7556}") = "Microshaoft.WebApiUtilities.NET", "Microshaoft.WebApiUtilities.NET\Microshaoft.WebApiUtilities.NET.csproj", "{91DC23EF-C0AC-4073-A93A-009A02118AE4}"
EndProject
Project("{9A19103F-16F7-4668-BE54-9A1E7A4F7556}") = "MsSqlCodeDiffVersioningWeb.NET.Windows", "MsSqlCodeDiffVersioningWeb.NET\MsSqlCodeDiffVersioningWeb.NET.Windows.csproj", "{6A20ED67-5000-4552-9103-A881E58EBE71}"
EndProject
Project("{9A19103F-16F7-4668-BE54-9A1E7A4F7556}") = "MsSqlCodeDiffVersioningWeb.NET.Linux", "MsSqlCodeDiffVersioningWeb.NET\MsSqlCodeDiffVersioningWeb.NET.Linux.csproj", "{1E6D7175-1A02-4D82-A6C1-6FE4081265DD}"
EndProject
Project("{9A19103F-16F7-4668-BE54-9A1E7A4F7556}") = "Swagger.WebApplication", "Swagger.WebApplication.NET\Swagger.WebApplication.csproj", "{D60AA1B8-C774-4FBE-88AC-49A5989C9EF7}"
EndProject
Project("{9A19103F-16F7-4668-BE54-9A1E7A4F7556}") = "ConsoleApp", "StoreProceduresExecutor.Console.NET\ConsoleApp.csproj", "{7CBA50EF-AC60-4058-91CC-DAC52C493D4D}"
EndProject
Project("{FAE04EC0-301F-11D3-BF4B-00C04F79EFBC}") = "Microshaoft.EventSourceCounters.NET", "Microshaoft.EventSourceCounters.NET\Microshaoft.EventSourceCounters.NET.csproj", "{D54F499E-C8EF-440F-A3AA-5F0C07ACFAFC}"
EndProject
Global
	GlobalSection(SolutionConfigurationPlatforms) = preSolution
		Debug|Any CPU = Debug|Any CPU
		Release|Any CPU = Release|Any CPU
	EndGlobalSection
	GlobalSection(ProjectConfigurationPlatforms) = postSolution
		{56F1C6A7-8C93-45FA-8D53-61F9CBB56A60}.Debug|Any CPU.ActiveCfg = Debug|Any CPU
		{56F1C6A7-8C93-45FA-8D53-61F9CBB56A60}.Debug|Any CPU.Build.0 = Debug|Any CPU
		{56F1C6A7-8C93-45FA-8D53-61F9CBB56A60}.Release|Any CPU.ActiveCfg = Release|Any CPU
		{56F1C6A7-8C93-45FA-8D53-61F9CBB56A60}.Release|Any CPU.Build.0 = Release|Any CPU
		{4C91859A-72EC-44AD-ACDB-FCF14498598B}.Debug|Any CPU.ActiveCfg = Debug|Any CPU
		{4C91859A-72EC-44AD-ACDB-FCF14498598B}.Debug|Any CPU.Build.0 = Debug|Any CPU
		{4C91859A-72EC-44AD-ACDB-FCF14498598B}.Release|Any CPU.ActiveCfg = Release|Any CPU
		{4C91859A-72EC-44AD-ACDB-FCF14498598B}.Release|Any CPU.Build.0 = Release|Any CPU
		{6B536D2A-352C-4701-BA39-F2DCFC8246DE}.Debug|Any CPU.ActiveCfg = Debug|Any CPU
		{6B536D2A-352C-4701-BA39-F2DCFC8246DE}.Debug|Any CPU.Build.0 = Debug|Any CPU
		{6B536D2A-352C-4701-BA39-F2DCFC8246DE}.Release|Any CPU.ActiveCfg = Release|Any CPU
		{6B536D2A-352C-4701-BA39-F2DCFC8246DE}.Release|Any CPU.Build.0 = Release|Any CPU
		{25FABCC9-8845-4C45-BAAA-AA56CEDF7849}.Debug|Any CPU.ActiveCfg = Debug|Any CPU
		{25FABCC9-8845-4C45-BAAA-AA56CEDF7849}.Debug|Any CPU.Build.0 = Debug|Any CPU
		{25FABCC9-8845-4C45-BAAA-AA56CEDF7849}.Release|Any CPU.ActiveCfg = Release|Any CPU
		{25FABCC9-8845-4C45-BAAA-AA56CEDF7849}.Release|Any CPU.Build.0 = Release|Any CPU
		{704F3646-51B2-41A9-9433-88D1A5F7A2DB}.Debug|Any CPU.ActiveCfg = Debug|Any CPU
		{704F3646-51B2-41A9-9433-88D1A5F7A2DB}.Debug|Any CPU.Build.0 = Debug|Any CPU
		{704F3646-51B2-41A9-9433-88D1A5F7A2DB}.Release|Any CPU.ActiveCfg = Release|Any CPU
		{704F3646-51B2-41A9-9433-88D1A5F7A2DB}.Release|Any CPU.Build.0 = Release|Any CPU
		{5C68C75F-ABC9-47B4-AE3A-5B0F96F54746}.Debug|Any CPU.ActiveCfg = Debug|Any CPU
		{5C68C75F-ABC9-47B4-AE3A-5B0F96F54746}.Debug|Any CPU.Build.0 = Debug|Any CPU
		{5C68C75F-ABC9-47B4-AE3A-5B0F96F54746}.Release|Any CPU.ActiveCfg = Release|Any CPU
		{5C68C75F-ABC9-47B4-AE3A-5B0F96F54746}.Release|Any CPU.Build.0 = Release|Any CPU
		{21C1967B-7FA3-4575-9416-BE949AAB37B7}.Debug|Any CPU.ActiveCfg = Debug|Any CPU
		{21C1967B-7FA3-4575-9416-BE949AAB37B7}.Debug|Any CPU.Build.0 = Debug|Any CPU
		{21C1967B-7FA3-4575-9416-BE949AAB37B7}.Release|Any CPU.ActiveCfg = Release|Any CPU
		{21C1967B-7FA3-4575-9416-BE949AAB37B7}.Release|Any CPU.Build.0 = Release|Any CPU
		{91DC23EF-C0AC-4073-A93A-009A02118AE4}.Debug|Any CPU.ActiveCfg = Debug|Any CPU
		{91DC23EF-C0AC-4073-A93A-009A02118AE4}.Debug|Any CPU.Build.0 = Debug|Any CPU
		{91DC23EF-C0AC-4073-A93A-009A02118AE4}.Release|Any CPU.ActiveCfg = Release|Any CPU
		{91DC23EF-C0AC-4073-A93A-009A02118AE4}.Release|Any CPU.Build.0 = Release|Any CPU
		{6A20ED67-5000-4552-9103-A881E58EBE71}.Debug|Any CPU.ActiveCfg = Debug|Any CPU
		{6A20ED67-5000-4552-9103-A881E58EBE71}.Debug|Any CPU.Build.0 = Debug|Any CPU
		{6A20ED67-5000-4552-9103-A881E58EBE71}.Release|Any CPU.ActiveCfg = Release|Any CPU
		{6A20ED67-5000-4552-9103-A881E58EBE71}.Release|Any CPU.Build.0 = Release|Any CPU
		{1E6D7175-1A02-4D82-A6C1-6FE4081265DD}.Debug|Any CPU.ActiveCfg = Debug|Any CPU
		{1E6D7175-1A02-4D82-A6C1-6FE4081265DD}.Debug|Any CPU.Build.0 = Debug|Any CPU
		{1E6D7175-1A02-4D82-A6C1-6FE4081265DD}.Release|Any CPU.ActiveCfg = Release|Any CPU
		{1E6D7175-1A02-4D82-A6C1-6FE4081265DD}.Release|Any CPU.Build.0 = Release|Any CPU
		{D60AA1B8-C774-4FBE-88AC-49A5989C9EF7}.Debug|Any CPU.ActiveCfg = Debug|Any CPU
		{D60AA1B8-C774-4FBE-88AC-49A5989C9EF7}.Debug|Any CPU.Build.0 = Debug|Any CPU
		{D60AA1B8-C774-4FBE-88AC-49A5989C9EF7}.Release|Any CPU.ActiveCfg = Release|Any CPU
		{D60AA1B8-C774-4FBE-88AC-49A5989C9EF7}.Release|Any CPU.Build.0 = Release|Any CPU
		{7CBA50EF-AC60-4058-91CC-DAC52C493D4D}.Debug|Any CPU.ActiveCfg = Debug|Any CPU
		{7CBA50EF-AC60-4058-91CC-DAC52C493D4D}.Debug|Any CPU.Build.0 = Debug|Any CPU
		{7CBA50EF-AC60-4058-91CC-DAC52C493D4D}.Release|Any CPU.ActiveCfg = Release|Any CPU
		{7CBA50EF-AC60-4058-91CC-DAC52C493D4D}.Release|Any CPU.Build.0 = Release|Any CPU
		{D54F499E-C8EF-440F-A3AA-5F0C07ACFAFC}.Debug|Any CPU.ActiveCfg = Debug|Any CPU
		{D54F499E-C8EF-440F-A3AA-5F0C07ACFAFC}.Debug|Any CPU.Build.0 = Debug|Any CPU
		{D54F499E-C8EF-440F-A3AA-5F0C07ACFAFC}.Release|Any CPU.ActiveCfg = Release|Any CPU
		{D54F499E-C8EF-440F-A3AA-5F0C07ACFAFC}.Release|Any CPU.Build.0 = Release|Any CPU
	EndGlobalSection
	GlobalSection(SolutionProperties) = preSolution
		HideSolutionNode = FALSE
	EndGlobalSection
	GlobalSection(NestedProjects) = preSolution
		{72D81A5D-93BB-467F-BB3B-6FD89A3F197C} = {3025F7B5-651F-4963-825E-5631348F1271}
		{E3A62127-E4C7-407D-92FF-345700FA60A5} = {3025F7B5-651F-4963-825E-5631348F1271}
		{FD82A25A-90B0-4D20-B7CF-C47FD1E6C8B7} = {3025F7B5-651F-4963-825E-5631348F1271}
		{56F1C6A7-8C93-45FA-8D53-61F9CBB56A60} = {D414D963-C3DF-46EC-96F0-295BD6568115}
		{4C91859A-72EC-44AD-ACDB-FCF14498598B} = {C95C2997-5BDC-416D-A8C1-43D9A8816B50}
		{6B536D2A-352C-4701-BA39-F2DCFC8246DE} = {484B7499-6589-468A-9E49-32383C89F05D}
		{25FABCC9-8845-4C45-BAAA-AA56CEDF7849} = {484B7499-6589-468A-9E49-32383C89F05D}
		{704F3646-51B2-41A9-9433-88D1A5F7A2DB} = {6CA30516-47D9-4B1F-BD8F-0374D9714624}
		{5C68C75F-ABC9-47B4-AE3A-5B0F96F54746} = {6CA30516-47D9-4B1F-BD8F-0374D9714624}
		{21C1967B-7FA3-4575-9416-BE949AAB37B7} = {F29D6A8E-DD43-4AAD-B215-F9A7C8DB59CC}
		{91DC23EF-C0AC-4073-A93A-009A02118AE4} = {484B7499-6589-468A-9E49-32383C89F05D}
		{6A20ED67-5000-4552-9103-A881E58EBE71} = {E3A62127-E4C7-407D-92FF-345700FA60A5}
		{1E6D7175-1A02-4D82-A6C1-6FE4081265DD} = {E3A62127-E4C7-407D-92FF-345700FA60A5}
		{D60AA1B8-C774-4FBE-88AC-49A5989C9EF7} = {FD82A25A-90B0-4D20-B7CF-C47FD1E6C8B7}
		{7CBA50EF-AC60-4058-91CC-DAC52C493D4D} = {72D81A5D-93BB-467F-BB3B-6FD89A3F197C}
		{D54F499E-C8EF-440F-A3AA-5F0C07ACFAFC} = {484B7499-6589-468A-9E49-32383C89F05D}
	EndGlobalSection
	GlobalSection(ExtensibilityGlobals) = postSolution
		SolutionGuid = {0669E030-A1FE-4EF0-994F-FC8C85086896}
	EndGlobalSection
EndGlobal
