
Microsoft Visual Studio Solution File, Format Version 12.00
# Visual Studio Version 17
VisualStudioVersion = 17.2.32505.173
MinimumVisualStudioVersion = 10.0.40219.1
Project("{9A19103F-16F7-4668-BE54-9A1E7A4F7556}") = "Microshaoft.Common.Utilities.Net.6.x", "Microshaoft.Common.Utilities.Net.6.x\Microshaoft.Common.Utilities.Net.6.x.csproj", "{0B888E67-BE90-4977-9E1F-6FC0E6E7621E}"
EndProject
Project("{FAE04EC0-301F-11D3-BF4B-00C04F79EFBC}") = "ConcurrentAsyncQueue.NET.6.x", "ConcurrentAsyncQueue.NET.6.x\ConcurrentAsyncQueue.NET.6.x.csproj", "{49938730-4AD6-457D-957C-EAD355ABE31C}"
EndProject
Project("{9A19103F-16F7-4668-BE54-9A1E7A4F7556}") = "Microshaoft.Json.NET.6.x", "Microshaoft.Json.NET.6.x\Microshaoft.Json.NET.6.x.csproj", "{6D6852D7-6A2B-4CEC-ADC9-8F34ED884170}"
EndProject
Project("{9A19103F-16F7-4668-BE54-9A1E7A4F7556}") = "Microshaoft.StoreProceduresExecutors.NET.6.x", "Microshaoft.StoreProceduresExecutors.NET.6.x\Microshaoft.StoreProceduresExecutors.NET.6.x.csproj", "{C1B50DD9-64AB-4520-BE14-39AA1545A5FA}"
EndProject
Project("{2150E333-8FDC-42A3-9474-1A3956D46DE8}") = "00", "00", "{C95C2997-5BDC-416D-A8C1-43D9A8816B50}"
EndProject
Project("{9A19103F-16F7-4668-BE54-9A1E7A4F7556}") = "Microshaoft.WebApiUtilities.NET.6.x", "Microshaoft.WebApiUtilities.NET.6.x\Microshaoft.WebApiUtilities.NET.6.x.csproj", "{75EA146B-7C6A-422B-955E-DE8F836846F4}"
EndProject
Global
	GlobalSection(SolutionConfigurationPlatforms) = preSolution
		Debug|Any CPU = Debug|Any CPU
		Release|Any CPU = Release|Any CPU
	EndGlobalSection
	GlobalSection(ProjectConfigurationPlatforms) = postSolution
		{0B888E67-BE90-4977-9E1F-6FC0E6E7621E}.Debug|Any CPU.ActiveCfg = Debug|Any CPU
		{0B888E67-BE90-4977-9E1F-6FC0E6E7621E}.Debug|Any CPU.Build.0 = Debug|Any CPU
		{0B888E67-BE90-4977-9E1F-6FC0E6E7621E}.Release|Any CPU.ActiveCfg = Release|Any CPU
		{0B888E67-BE90-4977-9E1F-6FC0E6E7621E}.Release|Any CPU.Build.0 = Release|Any CPU
		{49938730-4AD6-457D-957C-EAD355ABE31C}.Debug|Any CPU.ActiveCfg = Debug|Any CPU
		{49938730-4AD6-457D-957C-EAD355ABE31C}.Debug|Any CPU.Build.0 = Debug|Any CPU
		{49938730-4AD6-457D-957C-EAD355ABE31C}.Release|Any CPU.ActiveCfg = Release|Any CPU
		{49938730-4AD6-457D-957C-EAD355ABE31C}.Release|Any CPU.Build.0 = Release|Any CPU
		{6D6852D7-6A2B-4CEC-ADC9-8F34ED884170}.Debug|Any CPU.ActiveCfg = Debug|Any CPU
		{6D6852D7-6A2B-4CEC-ADC9-8F34ED884170}.Debug|Any CPU.Build.0 = Debug|Any CPU
		{6D6852D7-6A2B-4CEC-ADC9-8F34ED884170}.Release|Any CPU.ActiveCfg = Release|Any CPU
		{6D6852D7-6A2B-4CEC-ADC9-8F34ED884170}.Release|Any CPU.Build.0 = Release|Any CPU
		{C1B50DD9-64AB-4520-BE14-39AA1545A5FA}.Debug|Any CPU.ActiveCfg = Debug|Any CPU
		{C1B50DD9-64AB-4520-BE14-39AA1545A5FA}.Debug|Any CPU.Build.0 = Debug|Any CPU
		{C1B50DD9-64AB-4520-BE14-39AA1545A5FA}.Release|Any CPU.ActiveCfg = Release|Any CPU
		{C1B50DD9-64AB-4520-BE14-39AA1545A5FA}.Release|Any CPU.Build.0 = Release|Any CPU
		{75EA146B-7C6A-422B-955E-DE8F836846F4}.Debug|Any CPU.ActiveCfg = Debug|Any CPU
		{75EA146B-7C6A-422B-955E-DE8F836846F4}.Debug|Any CPU.Build.0 = Debug|Any CPU
		{75EA146B-7C6A-422B-955E-DE8F836846F4}.Release|Any CPU.ActiveCfg = Release|Any CPU
		{75EA146B-7C6A-422B-955E-DE8F836846F4}.Release|Any CPU.Build.0 = Release|Any CPU
	EndGlobalSection
	GlobalSection(SolutionProperties) = preSolution
		HideSolutionNode = FALSE
	EndGlobalSection
	GlobalSection(NestedProjects) = preSolution
		{0B888E67-BE90-4977-9E1F-6FC0E6E7621E} = {C95C2997-5BDC-416D-A8C1-43D9A8816B50}
	EndGlobalSection
	GlobalSection(ExtensibilityGlobals) = postSolution
		SolutionGuid = {0669E030-A1FE-4EF0-994F-FC8C85086896}
	EndGlobalSection
EndGlobal
