
Microsoft Visual Studio Solution File, Format Version 12.00
# Visual Studio Version 17
VisualStudioVersion = 17.2.32505.173
MinimumVisualStudioVersion = 10.0.40219.1
Project("{9A19103F-16F7-4668-BE54-9A1E7A4F7556}") = "Microshaoft.Common.Utilities.Net.6.x", "Microshaoft.Common.Utilities.Net.6.x\Microshaoft.Common.Utilities.Net.6.x.csproj", "{0B888E67-BE90-4977-9E1F-6FC0E6E7621E}"
EndProject
Project("{9A19103F-16F7-4668-BE54-9A1E7A4F7556}") = "Microshaoft.Json.NET.6.x", "Microshaoft.Json.NET.6.x\Microshaoft.Json.NET.6.x.csproj", "{6D6852D7-6A2B-4CEC-ADC9-8F34ED884170}"
EndProject
Project("{9A19103F-16F7-4668-BE54-9A1E7A4F7556}") = "Microshaoft.StoreProceduresExecutors.NET.6.x", "Microshaoft.StoreProceduresExecutors.NET.6.x\Microshaoft.StoreProceduresExecutors.NET.6.x.csproj", "{C1B50DD9-64AB-4520-BE14-39AA1545A5FA}"
EndProject
Project("{2150E333-8FDC-42A3-9474-1A3956D46DE8}") = "05.Microshaoft.Common.Utilities", "05.Microshaoft.Common.Utilities", "{C95C2997-5BDC-416D-A8C1-43D9A8816B50}"
EndProject
Project("{9A19103F-16F7-4668-BE54-9A1E7A4F7556}") = "Microshaoft.WebApiUtilities.NET.6.x", "Microshaoft.WebApiUtilities.NET.6.x\Microshaoft.WebApiUtilities.NET.6.x.csproj", "{75EA146B-7C6A-422B-955E-DE8F836846F4}"
EndProject
Project("{2150E333-8FDC-42A3-9474-1A3956D46DE8}") = "10.Microshaoft.Utilities", "10.Microshaoft.Utilities", "{484B7499-6589-468A-9E49-32383C89F05D}"
EndProject
Project("{2150E333-8FDC-42A3-9474-1A3956D46DE8}") = "20.Plugins.StoreProcedureExecutor", "20.Plugins.StoreProcedureExecutor", "{6CA30516-47D9-4B1F-BD8F-0374D9714624}"
EndProject
Project("{2150E333-8FDC-42A3-9474-1A3956D46DE8}") = "21.Plugins.RequestJTokenValidators", "21.Plugins.RequestJTokenValidators", "{F29D6A8E-DD43-4AAD-B215-F9A7C8DB59CC}"
EndProject
Project("{9A19103F-16F7-4668-BE54-9A1E7A4F7556}") = "JTokenValidatorSamplePlugin.NET.6.x", "Plugins.RequestJTokenValidators\JTokenValidatorSamplePlugin.NET.6.x\JTokenValidatorSamplePlugin.NET.6.x.csproj", "{DFFFF90C-1F2A-41FD-98F8-A1C83D18D519}"
EndProject
Project("{2150E333-8FDC-42A3-9474-1A3956D46DE8}") = "90.Samples", "90.Samples", "{3025F7B5-651F-4963-825E-5631348F1271}"
EndProject
Project("{9A19103F-16F7-4668-BE54-9A1E7A4F7556}") = "MsSqlCodeDiffVersioningWeb.NET.6.x", "MsSqlCodeDiffVersioningWeb.NET.6.x\MsSqlCodeDiffVersioningWeb.NET.6.x.csproj", "{0AFC5908-5203-416C-B137-C8510EEB0FC8}"
EndProject
Project("{9A19103F-16F7-4668-BE54-9A1E7A4F7556}") = "ConsoleApp", "StoreProceduresExecutor.Console.NET.6.x\ConsoleApp.csproj", "{6237A5C7-5B86-403D-8FD1-565811D94E23}"
EndProject
Project("{9A19103F-16F7-4668-BE54-9A1E7A4F7556}") = "Swagger.WebApplication", "Swagger.WebApplication.NET.6.x\Swagger.WebApplication.csproj", "{31D4A8B1-00AE-4527-B4DC-F92E14DC30C8}"
EndProject
Project("{2150E333-8FDC-42A3-9474-1A3956D46DE8}") = "20.StoreProceduresExecutor.Console", "20.StoreProceduresExecutor.Console", "{72D81A5D-93BB-467F-BB3B-6FD89A3F197C}"
EndProject
Project("{2150E333-8FDC-42A3-9474-1A3956D46DE8}") = "10.MsSqlCodeDiffVersioning", "10.MsSqlCodeDiffVersioning", "{E3A62127-E4C7-407D-92FF-345700FA60A5}"
EndProject
Project("{2150E333-8FDC-42A3-9474-1A3956D46DE8}") = "50.Swagger", "50.Swagger", "{FD82A25A-90B0-4D20-B7CF-C47FD1E6C8B7}"
EndProject
Project("{2150E333-8FDC-42A3-9474-1A3956D46DE8}") = "00.Solution Items", "00.Solution Items", "{7D226DD2-1926-44FB-8382-76ACC447CBC7}"
	ProjectSection(SolutionItems) = preProject
		azure-pipelines.yml = azure-pipelines.yml
		ci-cd-all-in-one.sh = ci-cd-all-in-one.sh
		LICENSE.txt = LICENSE.txt
		README.md = README.md
		VSCode.Rest.Client.Test\RestClientTest.http = VSCode.Rest.Client.Test\RestClientTest.http
		steps-echo-test.sh = steps-echo-test.sh
	EndProjectSection
EndProject
Project("{9A19103F-16F7-4668-BE54-9A1E7A4F7556}") = "MsSQL.StoreProcedureExecutor.Plugin.NET.6.x", "Plugins.StoreProcedureExecutors\MsSQL.StoreProcedureExecutor.Plugin.NET.6.x\MsSQL.StoreProcedureExecutor.Plugin.NET.6.x.csproj", "{435194AA-FA85-4022-8252-ACC7E87DCC93}"
EndProject
Project("{9A19103F-16F7-4668-BE54-9A1E7A4F7556}") = "MySQL.StoreProcedureExecutor.Plugin.NET.6.x", "Plugins.StoreProcedureExecutors\MySQL.StoreProcedureExecutor.Plugin.NET.6.x\MySQL.StoreProcedureExecutor.Plugin.NET.6.x.csproj", "{E7D9C8C7-DC49-4C77-84C2-136167D1854D}"
EndProject
Global
	GlobalSection(SolutionConfigurationPlatforms) = preSolution
		Debug|Any CPU = Debug|Any CPU
		Release|Any CPU = Release|Any CPU
	EndGlobalSection
	GlobalSection(ProjectConfigurationPlatforms) = postSolution
		{0B888E67-BE90-4977-9E1F-6FC0E6E7621E}.Debug|Any CPU.ActiveCfg = Debug|Any CPU
		{0B888E67-BE90-4977-9E1F-6FC0E6E7621E}.Debug|Any CPU.Build.0 = Debug|Any CPU
		{0B888E67-BE90-4977-9E1F-6FC0E6E7621E}.Release|Any CPU.ActiveCfg = Release|Any CPU
		{0B888E67-BE90-4977-9E1F-6FC0E6E7621E}.Release|Any CPU.Build.0 = Release|Any CPU
		{6D6852D7-6A2B-4CEC-ADC9-8F34ED884170}.Debug|Any CPU.ActiveCfg = Debug|Any CPU
		{6D6852D7-6A2B-4CEC-ADC9-8F34ED884170}.Debug|Any CPU.Build.0 = Debug|Any CPU
		{6D6852D7-6A2B-4CEC-ADC9-8F34ED884170}.Release|Any CPU.ActiveCfg = Release|Any CPU
		{6D6852D7-6A2B-4CEC-ADC9-8F34ED884170}.Release|Any CPU.Build.0 = Release|Any CPU
		{C1B50DD9-64AB-4520-BE14-39AA1545A5FA}.Debug|Any CPU.ActiveCfg = Debug|Any CPU
		{C1B50DD9-64AB-4520-BE14-39AA1545A5FA}.Debug|Any CPU.Build.0 = Debug|Any CPU
		{C1B50DD9-64AB-4520-BE14-39AA1545A5FA}.Release|Any CPU.ActiveCfg = Release|Any CPU
		{C1B50DD9-64AB-4520-BE14-39AA1545A5FA}.Release|Any CPU.Build.0 = Release|Any CPU
		{75EA146B-7C6A-422B-955E-DE8F836846F4}.Debug|Any CPU.ActiveCfg = Debug|Any CPU
		{75EA146B-7C6A-422B-955E-DE8F836846F4}.Debug|Any CPU.Build.0 = Debug|Any CPU
		{75EA146B-7C6A-422B-955E-DE8F836846F4}.Release|Any CPU.ActiveCfg = Release|Any CPU
		{75EA146B-7C6A-422B-955E-DE8F836846F4}.Release|Any CPU.Build.0 = Release|Any CPU
		{DFFFF90C-1F2A-41FD-98F8-A1C83D18D519}.Debug|Any CPU.ActiveCfg = Debug|Any CPU
		{DFFFF90C-1F2A-41FD-98F8-A1C83D18D519}.Debug|Any CPU.Build.0 = Debug|Any CPU
		{DFFFF90C-1F2A-41FD-98F8-A1C83D18D519}.Release|Any CPU.ActiveCfg = Release|Any CPU
		{DFFFF90C-1F2A-41FD-98F8-A1C83D18D519}.Release|Any CPU.Build.0 = Release|Any CPU
		{0AFC5908-5203-416C-B137-C8510EEB0FC8}.Debug|Any CPU.ActiveCfg = Debug|Any CPU
		{0AFC5908-5203-416C-B137-C8510EEB0FC8}.Debug|Any CPU.Build.0 = Debug|Any CPU
		{0AFC5908-5203-416C-B137-C8510EEB0FC8}.Release|Any CPU.ActiveCfg = Release|Any CPU
		{0AFC5908-5203-416C-B137-C8510EEB0FC8}.Release|Any CPU.Build.0 = Release|Any CPU
		{6237A5C7-5B86-403D-8FD1-565811D94E23}.Debug|Any CPU.ActiveCfg = Debug|Any CPU
		{6237A5C7-5B86-403D-8FD1-565811D94E23}.Debug|Any CPU.Build.0 = Debug|Any CPU
		{6237A5C7-5B86-403D-8FD1-565811D94E23}.Release|Any CPU.ActiveCfg = Release|Any CPU
		{6237A5C7-5B86-403D-8FD1-565811D94E23}.Release|Any CPU.Build.0 = Release|Any CPU
		{31D4A8B1-00AE-4527-B4DC-F92E14DC30C8}.Debug|Any CPU.ActiveCfg = Debug|Any CPU
		{31D4A8B1-00AE-4527-B4DC-F92E14DC30C8}.Debug|Any CPU.Build.0 = Debug|Any CPU
		{31D4A8B1-00AE-4527-B4DC-F92E14DC30C8}.Release|Any CPU.ActiveCfg = Release|Any CPU
		{31D4A8B1-00AE-4527-B4DC-F92E14DC30C8}.Release|Any CPU.Build.0 = Release|Any CPU
		{435194AA-FA85-4022-8252-ACC7E87DCC93}.Debug|Any CPU.ActiveCfg = Debug|Any CPU
		{435194AA-FA85-4022-8252-ACC7E87DCC93}.Debug|Any CPU.Build.0 = Debug|Any CPU
		{435194AA-FA85-4022-8252-ACC7E87DCC93}.Release|Any CPU.ActiveCfg = Release|Any CPU
		{435194AA-FA85-4022-8252-ACC7E87DCC93}.Release|Any CPU.Build.0 = Release|Any CPU
		{E7D9C8C7-DC49-4C77-84C2-136167D1854D}.Debug|Any CPU.ActiveCfg = Debug|Any CPU
		{E7D9C8C7-DC49-4C77-84C2-136167D1854D}.Debug|Any CPU.Build.0 = Debug|Any CPU
		{E7D9C8C7-DC49-4C77-84C2-136167D1854D}.Release|Any CPU.ActiveCfg = Release|Any CPU
		{E7D9C8C7-DC49-4C77-84C2-136167D1854D}.Release|Any CPU.Build.0 = Release|Any CPU
	EndGlobalSection
	GlobalSection(SolutionProperties) = preSolution
		HideSolutionNode = FALSE
	EndGlobalSection
	GlobalSection(NestedProjects) = preSolution
		{0B888E67-BE90-4977-9E1F-6FC0E6E7621E} = {C95C2997-5BDC-416D-A8C1-43D9A8816B50}
		{6D6852D7-6A2B-4CEC-ADC9-8F34ED884170} = {484B7499-6589-468A-9E49-32383C89F05D}
		{C1B50DD9-64AB-4520-BE14-39AA1545A5FA} = {484B7499-6589-468A-9E49-32383C89F05D}
		{75EA146B-7C6A-422B-955E-DE8F836846F4} = {484B7499-6589-468A-9E49-32383C89F05D}
		{DFFFF90C-1F2A-41FD-98F8-A1C83D18D519} = {F29D6A8E-DD43-4AAD-B215-F9A7C8DB59CC}
		{0AFC5908-5203-416C-B137-C8510EEB0FC8} = {E3A62127-E4C7-407D-92FF-345700FA60A5}
		{6237A5C7-5B86-403D-8FD1-565811D94E23} = {72D81A5D-93BB-467F-BB3B-6FD89A3F197C}
		{31D4A8B1-00AE-4527-B4DC-F92E14DC30C8} = {FD82A25A-90B0-4D20-B7CF-C47FD1E6C8B7}
		{72D81A5D-93BB-467F-BB3B-6FD89A3F197C} = {3025F7B5-651F-4963-825E-5631348F1271}
		{E3A62127-E4C7-407D-92FF-345700FA60A5} = {3025F7B5-651F-4963-825E-5631348F1271}
		{FD82A25A-90B0-4D20-B7CF-C47FD1E6C8B7} = {3025F7B5-651F-4963-825E-5631348F1271}
		{435194AA-FA85-4022-8252-ACC7E87DCC93} = {6CA30516-47D9-4B1F-BD8F-0374D9714624}
		{E7D9C8C7-DC49-4C77-84C2-136167D1854D} = {6CA30516-47D9-4B1F-BD8F-0374D9714624}
	EndGlobalSection
	GlobalSection(ExtensibilityGlobals) = postSolution
		SolutionGuid = {0669E030-A1FE-4EF0-994F-FC8C85086896}
	EndGlobalSection
EndGlobal
